
Microsoft Visual Studio Solution File, Format Version 12.00
# Visual Studio Version 17
VisualStudioVersion = 17.12.35521.163
MinimumVisualStudioVersion = 10.0.40219.1
Project("{FAE04EC0-301F-11D3-BF4B-00C04F79EFBC}") = "DartsApp.Server", "DartsApp.Server\DartsApp.Server.csproj", "{D73B8D7A-7279-4E3C-87C6-969D822D96D4}"
EndProject
Project("{FAE04EC0-301F-11D3-BF4B-00C04F79EFBC}") = "DartsDbScheme", "DartsDbScheme\DartsDbScheme.csproj", "{E661B267-9E1F-4AA7-82EE-71C9588751F1}"
EndProject
Project("{FAE04EC0-301F-11D3-BF4B-00C04F79EFBC}") = "DartsApp.Server.IntegrationTests", "DartsApp.Server.IntegrationTests\DartsApp.Server.IntegrationTests.csproj", "{6A8482B6-A61E-419F-88E1-CBBA572122BB}"
EndProject
Project("{FAE04EC0-301F-11D3-BF4B-00C04F79EFBC}") = "DartsApp.Server.Client", "DartsApp.Server.Client\DartsApp.Server.Client.csproj", "{39E6CFC8-EBF0-402F-AD7A-CC0BD10B8008}"
EndProject
Global
	GlobalSection(SolutionConfigurationPlatforms) = preSolution
		Debug|Any CPU = Debug|Any CPU
		Release|Any CPU = Release|Any CPU
	EndGlobalSection
	GlobalSection(ProjectConfigurationPlatforms) = postSolution
		{D73B8D7A-7279-4E3C-87C6-969D822D96D4}.Debug|Any CPU.ActiveCfg = Debug|Any CPU
		{D73B8D7A-7279-4E3C-87C6-969D822D96D4}.Debug|Any CPU.Build.0 = Debug|Any CPU
		{D73B8D7A-7279-4E3C-87C6-969D822D96D4}.Release|Any CPU.ActiveCfg = Release|Any CPU
		{D73B8D7A-7279-4E3C-87C6-969D822D96D4}.Release|Any CPU.Build.0 = Release|Any CPU
		{E661B267-9E1F-4AA7-82EE-71C9588751F1}.Debug|Any CPU.ActiveCfg = Debug|Any CPU
		{E661B267-9E1F-4AA7-82EE-71C9588751F1}.Debug|Any CPU.Build.0 = Debug|Any CPU
		{E661B267-9E1F-4AA7-82EE-71C9588751F1}.Release|Any CPU.ActiveCfg = Release|Any CPU
		{E661B267-9E1F-4AA7-82EE-71C9588751F1}.Release|Any CPU.Build.0 = Release|Any CPU
		{6A8482B6-A61E-419F-88E1-CBBA572122BB}.Debug|Any CPU.ActiveCfg = Debug|Any CPU
		{6A8482B6-A61E-419F-88E1-CBBA572122BB}.Debug|Any CPU.Build.0 = Debug|Any CPU
		{6A8482B6-A61E-419F-88E1-CBBA572122BB}.Release|Any CPU.ActiveCfg = Release|Any CPU
		{6A8482B6-A61E-419F-88E1-CBBA572122BB}.Release|Any CPU.Build.0 = Release|Any CPU
		{39E6CFC8-EBF0-402F-AD7A-CC0BD10B8008}.Debug|Any CPU.ActiveCfg = Debug|Any CPU
		{39E6CFC8-EBF0-402F-AD7A-CC0BD10B8008}.Debug|Any CPU.Build.0 = Debug|Any CPU
		{39E6CFC8-EBF0-402F-AD7A-CC0BD10B8008}.Release|Any CPU.ActiveCfg = Release|Any CPU
		{39E6CFC8-EBF0-402F-AD7A-CC0BD10B8008}.Release|Any CPU.Build.0 = Release|Any CPU
	EndGlobalSection
	GlobalSection(SolutionProperties) = preSolution
		HideSolutionNode = FALSE
	EndGlobalSection
	GlobalSection(ExtensibilityGlobals) = postSolution
		SolutionGuid = {4FEACCFB-1F8D-4B8A-B92F-573DE1FBC32E}
	EndGlobalSection
EndGlobal
